
Microsoft Visual Studio Solution File, Format Version 12.00
# Visual Studio Version 17
VisualStudioVersion = 17.10.35013.160
MinimumVisualStudioVersion = 10.0.40219.1
Project("{FAE04EC0-301F-11D3-BF4B-00C04F79EFBC}") = "EnterpriseUIDevExample.Server", "EnterpriseUIDevExample.Server\EnterpriseUIDevExample.Server.csproj", "{F37249C9-17EB-4ACB-B5AD-BD3C95D45E08}"
EndProject
Project("{54A90642-561A-4BB1-A94E-469ADEE60C69}") = "enterpriseuidevexample.client", "enterpriseuidevexample.client\enterpriseuidevexample.client.esproj", "{04AFCCB3-D43F-4BF9-8D4A-49C00E1FC96A}"
EndProject
Global
	GlobalSection(SolutionConfigurationPlatforms) = preSolution
		Debug|Any CPU = Debug|Any CPU
		Release|Any CPU = Release|Any CPU
	EndGlobalSection
	GlobalSection(ProjectConfigurationPlatforms) = postSolution
		{F37249C9-17EB-4ACB-B5AD-BD3C95D45E08}.Debug|Any CPU.ActiveCfg = Debug|Any CPU
		{F37249C9-17EB-4ACB-B5AD-BD3C95D45E08}.Debug|Any CPU.Build.0 = Debug|Any CPU
		{F37249C9-17EB-4ACB-B5AD-BD3C95D45E08}.Release|Any CPU.ActiveCfg = Release|Any CPU
		{F37249C9-17EB-4ACB-B5AD-BD3C95D45E08}.Release|Any CPU.Build.0 = Release|Any CPU
		{04AFCCB3-D43F-4BF9-8D4A-49C00E1FC96A}.Debug|Any CPU.ActiveCfg = Debug|Any CPU
		{04AFCCB3-D43F-4BF9-8D4A-49C00E1FC96A}.Debug|Any CPU.Build.0 = Debug|Any CPU
		{04AFCCB3-D43F-4BF9-8D4A-49C00E1FC96A}.Debug|Any CPU.Deploy.0 = Debug|Any CPU
		{04AFCCB3-D43F-4BF9-8D4A-49C00E1FC96A}.Release|Any CPU.ActiveCfg = Release|Any CPU
		{04AFCCB3-D43F-4BF9-8D4A-49C00E1FC96A}.Release|Any CPU.Build.0 = Release|Any CPU
		{04AFCCB3-D43F-4BF9-8D4A-49C00E1FC96A}.Release|Any CPU.Deploy.0 = Release|Any CPU
	EndGlobalSection
	GlobalSection(SolutionProperties) = preSolution
		HideSolutionNode = FALSE
	EndGlobalSection
	GlobalSection(ExtensibilityGlobals) = postSolution
		SolutionGuid = {9D62729F-8820-46A8-B2C4-A22AC5716CBA}
	EndGlobalSection
EndGlobal
